
Microsoft Visual Studio Solution File, Format Version 12.00
# Visual Studio Version 17
VisualStudioVersion = 17.0.31903.59
MinimumVisualStudioVersion = 10.0.40219.1
Project("{FAE04EC0-301F-11D3-BF4B-00C04F79EFBC}") = "NfiCodeAssignment", "NfiCodeAssignment\NfiCodeAssignment.csproj", "{F9807CE9-1B5E-42E6-BBCD-54B86A218426}"
EndProject
Project("{FAE04EC0-301F-11D3-BF4B-00C04F79EFBC}") = "NfiCodeAssignmentTest", "NfiCodeAssignmentTest\NfiCodeAssignmentTest.csproj", "{6ED1187C-445B-41FA-A0F7-3912E0AA0E7C}"
EndProject
Project("{FAE04EC0-301F-11D3-BF4B-00C04F79EFBC}") = "ConsoleApp1", "ConsoleApp1\ConsoleApp1.csproj", "{FCD0602C-2D4E-43C7-836C-06CB6759D4F5}"
EndProject
Global
	GlobalSection(SolutionConfigurationPlatforms) = preSolution
		Debug|Any CPU = Debug|Any CPU
		Release|Any CPU = Release|Any CPU
	EndGlobalSection
	GlobalSection(ProjectConfigurationPlatforms) = postSolution
		{F9807CE9-1B5E-42E6-BBCD-54B86A218426}.Debug|Any CPU.ActiveCfg = Debug|Any CPU
		{F9807CE9-1B5E-42E6-BBCD-54B86A218426}.Debug|Any CPU.Build.0 = Debug|Any CPU
		{F9807CE9-1B5E-42E6-BBCD-54B86A218426}.Release|Any CPU.ActiveCfg = Release|Any CPU
		{F9807CE9-1B5E-42E6-BBCD-54B86A218426}.Release|Any CPU.Build.0 = Release|Any CPU
		{6ED1187C-445B-41FA-A0F7-3912E0AA0E7C}.Debug|Any CPU.ActiveCfg = Debug|Any CPU
		{6ED1187C-445B-41FA-A0F7-3912E0AA0E7C}.Debug|Any CPU.Build.0 = Debug|Any CPU
		{6ED1187C-445B-41FA-A0F7-3912E0AA0E7C}.Release|Any CPU.ActiveCfg = Release|Any CPU
		{6ED1187C-445B-41FA-A0F7-3912E0AA0E7C}.Release|Any CPU.Build.0 = Release|Any CPU
		{FCD0602C-2D4E-43C7-836C-06CB6759D4F5}.Debug|Any CPU.ActiveCfg = Debug|Any CPU
		{FCD0602C-2D4E-43C7-836C-06CB6759D4F5}.Debug|Any CPU.Build.0 = Debug|Any CPU
		{FCD0602C-2D4E-43C7-836C-06CB6759D4F5}.Release|Any CPU.ActiveCfg = Release|Any CPU
		{FCD0602C-2D4E-43C7-836C-06CB6759D4F5}.Release|Any CPU.Build.0 = Release|Any CPU
	EndGlobalSection
	GlobalSection(SolutionProperties) = preSolution
		HideSolutionNode = FALSE
	EndGlobalSection
	GlobalSection(ExtensibilityGlobals) = postSolution
		SolutionGuid = {6133E153-F9D1-4BFF-8277-D9A1CED5488A}
	EndGlobalSection
EndGlobal
